
Microsoft Visual Studio Solution File, Format Version 12.00
# Visual Studio Version 16
VisualStudioVersion = 16.0.29503.13
MinimumVisualStudioVersion = 10.0.40219.1
Project("{FAE04EC0-301F-11D3-BF4B-00C04F79EFBC}") = "WPFLogin", "WPFLogin\WPFLogin.csproj", "{5C4D7FE0-59BB-4975-92A0-4097147E7CAE}"
EndProject
Global
	GlobalSection(SolutionConfigurationPlatforms) = preSolution
		Debug|Any CPU = Debug|Any CPU
		Release|Any CPU = Release|Any CPU
	EndGlobalSection
	GlobalSection(ProjectConfigurationPlatforms) = postSolution
		{5C4D7FE0-59BB-4975-92A0-4097147E7CAE}.Debug|Any CPU.ActiveCfg = Debug|Any CPU
		{5C4D7FE0-59BB-4975-92A0-4097147E7CAE}.Debug|Any CPU.Build.0 = Debug|Any CPU
		{5C4D7FE0-59BB-4975-92A0-4097147E7CAE}.Release|Any CPU.ActiveCfg = Release|Any CPU
		{5C4D7FE0-59BB-4975-92A0-4097147E7CAE}.Release|Any CPU.Build.0 = Release|Any CPU
	EndGlobalSection
	GlobalSection(SolutionProperties) = preSolution
		HideSolutionNode = FALSE
	EndGlobalSection
	GlobalSection(ExtensibilityGlobals) = postSolution
		SolutionGuid = {3B2D6B20-7467-47F4-943A-32BFDC4876CD}
	EndGlobalSection
EndGlobal
