
Microsoft Visual Studio Solution File, Format Version 12.00
# Visual Studio 15
VisualStudioVersion = 15.0.28307.168
MinimumVisualStudioVersion = 10.0.40219.1
Project("{FAE04EC0-301F-11D3-BF4B-00C04F79EFBC}") = "P1 CSHARP - Menu", "P1 CSHARP - Menu\P1 CSHARP - Menu.csproj", "{2F251891-04C3-4519-B11F-3C48ED76574C}"
EndProject
Global
	GlobalSection(SolutionConfigurationPlatforms) = preSolution
		Debug|Any CPU = Debug|Any CPU
		Release|Any CPU = Release|Any CPU
	EndGlobalSection
	GlobalSection(ProjectConfigurationPlatforms) = postSolution
		{2F251891-04C3-4519-B11F-3C48ED76574C}.Debug|Any CPU.ActiveCfg = Debug|Any CPU
		{2F251891-04C3-4519-B11F-3C48ED76574C}.Debug|Any CPU.Build.0 = Debug|Any CPU
		{2F251891-04C3-4519-B11F-3C48ED76574C}.Release|Any CPU.ActiveCfg = Release|Any CPU
		{2F251891-04C3-4519-B11F-3C48ED76574C}.Release|Any CPU.Build.0 = Release|Any CPU
	EndGlobalSection
	GlobalSection(SolutionProperties) = preSolution
		HideSolutionNode = FALSE
	EndGlobalSection
	GlobalSection(ExtensibilityGlobals) = postSolution
		SolutionGuid = {6F790BFA-22E8-42F1-AFBA-647982F9BF5D}
	EndGlobalSection
EndGlobal
